lockfileVersion: '9.0'

settings:
  autoInstallPeers: true
  excludeLinksFromLockfile: false

importers:

  .:
    dependencies:
      '@henosis/platform-cloudflare':
        specifier: github:henosis-playground/connector-cloudflare#55ffdd9e55d83900b87f8418c5133fbbe0af7aac&path:packages/platform-cloudflare
        version: https://codeload.github.com/henosis-playground/connector-cloudflare/tar.gz/55ffdd9e55d83900b87f8418c5133fbbe0af7aac#path:packages/platform-cloudflare
    devDependencies:
      typescript:
        specifier: ^5.9.3
        version: 5.9.3

packages:

  '@henosis/platform-cloudflare@https://codeload.github.com/henosis-playground/connector-cloudflare/tar.gz/55ffdd9e55d83900b87f8418c5133fbbe0af7aac#path:packages/platform-cloudflare':
    resolution: {gitHosted: true, path: packages/platform-cloudflare, tarball: https://codeload.github.com/henosis-playground/connector-cloudflare/tar.gz/55ffdd9e55d83900b87f8418c5133fbbe0af7aac}
    version: 0.0.0

  typescript@5.9.3:
    resolution: {integrity: sha512-jl1vZzPDinLr9eUt3J/t7V6FgNEw9QjvBPdysz9KfQDD41fQrC2Y4vKQdiaUpFT4bXlb1RHhLpp8wtm6M5TgSw==}
    engines: {node: '>=14.17'}
    hasBin: true

snapshots:

  '@henosis/platform-cloudflare@https://codeload.github.com/henosis-playground/connector-cloudflare/tar.gz/55ffdd9e55d83900b87f8418c5133fbbe0af7aac#path:packages/platform-cloudflare': {}

  typescript@5.9.3: {}
